
Microsoft Visual Studio Solution File, Format Version 12.00
# Visual Studio Version 16
VisualStudioVersion = 16.0.30320.27
MinimumVisualStudioVersion = 10.0.40219.1
Project("{FAE04EC0-301F-11D3-BF4B-00C04F79EFBC}") = "EPSuzduotis", "EPSuzduotis\EPSuzduotis.csproj", "{49904C8A-C4CD-4CB1-B743-CF392BBD47F1}"
EndProject
Global
	GlobalSection(SolutionConfigurationPlatforms) = preSolution
		Debug|Any CPU = Debug|Any CPU
		Release|Any CPU = Release|Any CPU
	EndGlobalSection
	GlobalSection(ProjectConfigurationPlatforms) = postSolution
		{49904C8A-C4CD-4CB1-B743-CF392BBD47F1}.Debug|Any CPU.ActiveCfg = Debug|Any CPU
		{49904C8A-C4CD-4CB1-B743-CF392BBD47F1}.Debug|Any CPU.Build.0 = Debug|Any CPU
		{49904C8A-C4CD-4CB1-B743-CF392BBD47F1}.Release|Any CPU.ActiveCfg = Release|Any CPU
		{49904C8A-C4CD-4CB1-B743-CF392BBD47F1}.Release|Any CPU.Build.0 = Release|Any CPU
	EndGlobalSection
	GlobalSection(SolutionProperties) = preSolution
		HideSolutionNode = FALSE
	EndGlobalSection
	GlobalSection(ExtensibilityGlobals) = postSolution
		SolutionGuid = {28789C1F-68AA-41A3-8629-8966D157582E}
	EndGlobalSection
EndGlobal
